
Microsoft Visual Studio Solution File, Format Version 12.00
# Visual Studio Version 17
VisualStudioVersion = 17.14.36203.30 d17.14
MinimumVisualStudioVersion = 10.0.40219.1
Project("{FAE04EC0-301F-11D3-BF4B-00C04F79EFBC}") = "PolimorfismoHeranca", "PolimorfismoHeranca\PolimorfismoHeranca.csproj", "{9EFC1420-60B5-4547-AF09-5AD0CA39969E}"
EndProject
Global
	GlobalSection(SolutionConfigurationPlatforms) = preSolution
		Debug|Any CPU = Debug|Any CPU
		Release|Any CPU = Release|Any CPU
	EndGlobalSection
	GlobalSection(ProjectConfigurationPlatforms) = postSolution
		{9EFC1420-60B5-4547-AF09-5AD0CA39969E}.Debug|Any CPU.ActiveCfg = Debug|Any CPU
		{9EFC1420-60B5-4547-AF09-5AD0CA39969E}.Debug|Any CPU.Build.0 = Debug|Any CPU
		{9EFC1420-60B5-4547-AF09-5AD0CA39969E}.Release|Any CPU.ActiveCfg = Release|Any CPU
		{9EFC1420-60B5-4547-AF09-5AD0CA39969E}.Release|Any CPU.Build.0 = Release|Any CPU
	EndGlobalSection
	GlobalSection(SolutionProperties) = preSolution
		HideSolutionNode = FALSE
	EndGlobalSection
	GlobalSection(ExtensibilityGlobals) = postSolution
		SolutionGuid = {E4632F41-3638-4BFF-BEE4-33A79058B4DE}
	EndGlobalSection
EndGlobal
