
Microsoft Visual Studio Solution File, Format Version 12.00
# Visual Studio Version 17
VisualStudioVersion = 17.14.36203.30 d17.14
MinimumVisualStudioVersion = 10.0.40219.1
Project("{FAE04EC0-301F-11D3-BF4B-00C04F79EFBC}") = "numeros pares de 2 a 100", "numeros pares de 2 a 100\numeros pares de 2 a 100.csproj", "{5D9BDFF6-2221-46A2-80CA-F931359B2CD9}"
EndProject
Global
	GlobalSection(SolutionConfigurationPlatforms) = preSolution
		Debug|Any CPU = Debug|Any CPU
		Release|Any CPU = Release|Any CPU
	EndGlobalSection
	GlobalSection(ProjectConfigurationPlatforms) = postSolution
		{5D9BDFF6-2221-46A2-80CA-F931359B2CD9}.Debug|Any CPU.ActiveCfg = Debug|Any CPU
		{5D9BDFF6-2221-46A2-80CA-F931359B2CD9}.Debug|Any CPU.Build.0 = Debug|Any CPU
		{5D9BDFF6-2221-46A2-80CA-F931359B2CD9}.Release|Any CPU.ActiveCfg = Release|Any CPU
		{5D9BDFF6-2221-46A2-80CA-F931359B2CD9}.Release|Any CPU.Build.0 = Release|Any CPU
	EndGlobalSection
	GlobalSection(SolutionProperties) = preSolution
		HideSolutionNode = FALSE
	EndGlobalSection
	GlobalSection(ExtensibilityGlobals) = postSolution
		SolutionGuid = {A8490FD1-90E4-4EDE-A902-F89D72BA6803}
	EndGlobalSection
EndGlobal
