
Microsoft Visual Studio Solution File, Format Version 12.00
# Visual Studio Version 17
VisualStudioVersion = 17.14.36203.30 d17.14
MinimumVisualStudioVersion = 10.0.40219.1
Project("{FAE04EC0-301F-11D3-BF4B-00C04F79EFBC}") = "Cadastro de Produtos", "Cadastro de Produtos\Cadastro de Produtos.csproj", "{AA2CE649-D6CD-46F0-AADA-933DF281462F}"
EndProject
Global
	GlobalSection(SolutionConfigurationPlatforms) = preSolution
		Debug|Any CPU = Debug|Any CPU
		Release|Any CPU = Release|Any CPU
	EndGlobalSection
	GlobalSection(ProjectConfigurationPlatforms) = postSolution
		{AA2CE649-D6CD-46F0-AADA-933DF281462F}.Debug|Any CPU.ActiveCfg = Debug|Any CPU
		{AA2CE649-D6CD-46F0-AADA-933DF281462F}.Debug|Any CPU.Build.0 = Debug|Any CPU
		{AA2CE649-D6CD-46F0-AADA-933DF281462F}.Release|Any CPU.ActiveCfg = Release|Any CPU
		{AA2CE649-D6CD-46F0-AADA-933DF281462F}.Release|Any CPU.Build.0 = Release|Any CPU
	EndGlobalSection
	GlobalSection(SolutionProperties) = preSolution
		HideSolutionNode = FALSE
	EndGlobalSection
	GlobalSection(ExtensibilityGlobals) = postSolution
		SolutionGuid = {FCBAC704-E253-46AA-805E-346E2A4BA8F0}
	EndGlobalSection
EndGlobal
