
Microsoft Visual Studio Solution File, Format Version 12.00
# Visual Studio Version 17
VisualStudioVersion = 17.14.36203.30 d17.14
MinimumVisualStudioVersion = 10.0.40219.1
Project("{FAE04EC0-301F-11D3-BF4B-00C04F79EFBC}") = "objeto inicio", "objeto inicio\objeto inicio.csproj", "{A61F0563-30C0-42AD-9834-FB90894F7631}"
EndProject
Global
	GlobalSection(SolutionConfigurationPlatforms) = preSolution
		Debug|Any CPU = Debug|Any CPU
		Release|Any CPU = Release|Any CPU
	EndGlobalSection
	GlobalSection(ProjectConfigurationPlatforms) = postSolution
		{A61F0563-30C0-42AD-9834-FB90894F7631}.Debug|Any CPU.ActiveCfg = Debug|Any CPU
		{A61F0563-30C0-42AD-9834-FB90894F7631}.Debug|Any CPU.Build.0 = Debug|Any CPU
		{A61F0563-30C0-42AD-9834-FB90894F7631}.Release|Any CPU.ActiveCfg = Release|Any CPU
		{A61F0563-30C0-42AD-9834-FB90894F7631}.Release|Any CPU.Build.0 = Release|Any CPU
	EndGlobalSection
	GlobalSection(SolutionProperties) = preSolution
		HideSolutionNode = FALSE
	EndGlobalSection
	GlobalSection(ExtensibilityGlobals) = postSolution
		SolutionGuid = {D3B027DA-CA7E-4759-865E-2E167F4F39A9}
	EndGlobalSection
EndGlobal
