
Microsoft Visual Studio Solution File, Format Version 12.00
# Visual Studio Version 17
VisualStudioVersion = 17.14.36203.30 d17.14
MinimumVisualStudioVersion = 10.0.40219.1
Project("{FAE04EC0-301F-11D3-BF4B-00C04F79EFBC}") = "Laços_de_repeticao", "Laços_de_repeticao\Laços_de_repeticao.csproj", "{14897176-6FFF-4F2F-9169-7CA6CDAC1E45}"
EndProject
Global
	GlobalSection(SolutionConfigurationPlatforms) = preSolution
		Debug|Any CPU = Debug|Any CPU
		Release|Any CPU = Release|Any CPU
	EndGlobalSection
	GlobalSection(ProjectConfigurationPlatforms) = postSolution
		{14897176-6FFF-4F2F-9169-7CA6CDAC1E45}.Debug|Any CPU.ActiveCfg = Debug|Any CPU
		{14897176-6FFF-4F2F-9169-7CA6CDAC1E45}.Debug|Any CPU.Build.0 = Debug|Any CPU
		{14897176-6FFF-4F2F-9169-7CA6CDAC1E45}.Release|Any CPU.ActiveCfg = Release|Any CPU
		{14897176-6FFF-4F2F-9169-7CA6CDAC1E45}.Release|Any CPU.Build.0 = Release|Any CPU
	EndGlobalSection
	GlobalSection(SolutionProperties) = preSolution
		HideSolutionNode = FALSE
	EndGlobalSection
	GlobalSection(ExtensibilityGlobals) = postSolution
		SolutionGuid = {4CE8470A-3CD4-4699-B266-037D0ACE2BC9}
	EndGlobalSection
EndGlobal
