
Microsoft Visual Studio Solution File, Format Version 12.00
# Visual Studio Version 17
VisualStudioVersion = 17.14.36203.30 d17.14
MinimumVisualStudioVersion = 10.0.40219.1
Project("{FAE04EC0-301F-11D3-BF4B-00C04F79EFBC}") = "Livraria", "Livraria\Livraria.csproj", "{93FE505E-4EE3-4138-A6D6-07336F90D7D9}"
EndProject
Global
	GlobalSection(SolutionConfigurationPlatforms) = preSolution
		Debug|Any CPU = Debug|Any CPU
		Release|Any CPU = Release|Any CPU
	EndGlobalSection
	GlobalSection(ProjectConfigurationPlatforms) = postSolution
		{93FE505E-4EE3-4138-A6D6-07336F90D7D9}.Debug|Any CPU.ActiveCfg = Debug|Any CPU
		{93FE505E-4EE3-4138-A6D6-07336F90D7D9}.Debug|Any CPU.Build.0 = Debug|Any CPU
		{93FE505E-4EE3-4138-A6D6-07336F90D7D9}.Release|Any CPU.ActiveCfg = Release|Any CPU
		{93FE505E-4EE3-4138-A6D6-07336F90D7D9}.Release|Any CPU.Build.0 = Release|Any CPU
	EndGlobalSection
	GlobalSection(SolutionProperties) = preSolution
		HideSolutionNode = FALSE
	EndGlobalSection
	GlobalSection(ExtensibilityGlobals) = postSolution
		SolutionGuid = {7EC18914-8EC5-4D8B-8033-B10B25A4AE91}
	EndGlobalSection
EndGlobal
